
Microsoft Visual Studio Solution File, Format Version 12.00
# Visual Studio 15
VisualStudioVersion = 15.0.26430.16
MinimumVisualStudioVersion = 10.0.40219.1
Project("{FAE04EC0-301F-11D3-BF4B-00C04F79EFBC}") = "MyRoboMind", "MyRoboMind\MyRoboMind.csproj", "{047CEDB9-F0E1-45D8-A62C-B729F5C85482}"
EndProject
Project("{FAE04EC0-301F-11D3-BF4B-00C04F79EFBC}") = "rMindCore", "rMindCore\rMindCore.csproj", "{EF958129-26FB-4B57-9B28-021D4B0005C2}"
EndProject
Project("{FAE04EC0-301F-11D3-BF4B-00C04F79EFBC}") = "rMindBase", "rMindBase\rMindBase.csproj", "{709002B9-916F-481F-981B-6F4F0C2B51DB}"
EndProject
Project("{FAE04EC0-301F-11D3-BF4B-00C04F79EFBC}") = "rMindTheme", "rMindTheme\rMindTheme.csproj", "{458F5C99-D7E2-481A-BAEF-DB0D694A0F8A}"
EndProject
Project("{FAE04EC0-301F-11D3-BF4B-00C04F79EFBC}") = "rMindBaseControls", "rMindBaseControls\rMindBaseControls.csproj", "{DDE69CFE-2F1D-46ED-A414-EB48870FF997}"
EndProject
Project("{FAE04EC0-301F-11D3-BF4B-00C04F79EFBC}") = "rMindStorage", "rMindStorage\rMindStorage.csproj", "{926D5C3D-0424-454E-B78B-B50731744D7B}"
EndProject
Global
	GlobalSection(SolutionConfigurationPlatforms) = preSolution
		Debug|Any CPU = Debug|Any CPU
		Debug|ARM = Debug|ARM
		Debug|x64 = Debug|x64
		Debug|x86 = Debug|x86
		Release|Any CPU = Release|Any CPU
		Release|ARM = Release|ARM
		Release|x64 = Release|x64
		Release|x86 = Release|x86
	EndGlobalSection
	GlobalSection(ProjectConfigurationPlatforms) = postSolution
		{047CEDB9-F0E1-45D8-A62C-B729F5C85482}.Debug|Any CPU.ActiveCfg = Debug|x86
		{047CEDB9-F0E1-45D8-A62C-B729F5C85482}.Debug|ARM.ActiveCfg = Debug|ARM
		{047CEDB9-F0E1-45D8-A62C-B729F5C85482}.Debug|ARM.Build.0 = Debug|ARM
		{047CEDB9-F0E1-45D8-A62C-B729F5C85482}.Debug|ARM.Deploy.0 = Debug|ARM
		{047CEDB9-F0E1-45D8-A62C-B729F5C85482}.Debug|x64.ActiveCfg = Debug|x64
		{047CEDB9-F0E1-45D8-A62C-B729F5C85482}.Debug|x64.Build.0 = Debug|x64
		{047CEDB9-F0E1-45D8-A62C-B729F5C85482}.Debug|x64.Deploy.0 = Debug|x64
		{047CEDB9-F0E1-45D8-A62C-B729F5C85482}.Debug|x86.ActiveCfg = Debug|x86
		{047CEDB9-F0E1-45D8-A62C-B729F5C85482}.Debug|x86.Build.0 = Debug|x86
		{047CEDB9-F0E1-45D8-A62C-B729F5C85482}.Debug|x86.Deploy.0 = Debug|x86
		{047CEDB9-F0E1-45D8-A62C-B729F5C85482}.Release|Any CPU.ActiveCfg = Release|x86
		{047CEDB9-F0E1-45D8-A62C-B729F5C85482}.Release|ARM.ActiveCfg = Release|ARM
		{047CEDB9-F0E1-45D8-A62C-B729F5C85482}.Release|ARM.Build.0 = Release|ARM
		{047CEDB9-F0E1-45D8-A62C-B729F5C85482}.Release|ARM.Deploy.0 = Release|ARM
		{047CEDB9-F0E1-45D8-A62C-B729F5C85482}.Release|x64.ActiveCfg = Release|x64
		{047CEDB9-F0E1-45D8-A62C-B729F5C85482}.Release|x64.Build.0 = Release|x64
		{047CEDB9-F0E1-45D8-A62C-B729F5C85482}.Release|x64.Deploy.0 = Release|x64
		{047CEDB9-F0E1-45D8-A62C-B729F5C85482}.Release|x86.ActiveCfg = Release|x86
		{047CEDB9-F0E1-45D8-A62C-B729F5C85482}.Release|x86.Build.0 = Release|x86
		{047CEDB9-F0E1-45D8-A62C-B729F5C85482}.Release|x86.Deploy.0 = Release|x86
		{EF958129-26FB-4B57-9B28-021D4B0005C2}.Debug|Any CPU.ActiveCfg = Debug|Any CPU
		{EF958129-26FB-4B57-9B28-021D4B0005C2}.Debug|Any CPU.Build.0 = Debug|Any CPU
		{EF958129-26FB-4B57-9B28-021D4B0005C2}.Debug|ARM.ActiveCfg = Debug|ARM
		{EF958129-26FB-4B57-9B28-021D4B0005C2}.Debug|ARM.Build.0 = Debug|ARM
		{EF958129-26FB-4B57-9B28-021D4B0005C2}.Debug|x64.ActiveCfg = Debug|x64
		{EF958129-26FB-4B57-9B28-021D4B0005C2}.Debug|x64.Build.0 = Debug|x64
		{EF958129-26FB-4B57-9B28-021D4B0005C2}.Debug|x86.ActiveCfg = Debug|x86
		{EF958129-26FB-4B57-9B28-021D4B0005C2}.Debug|x86.Build.0 = Debug|x86
		{EF958129-26FB-4B57-9B28-021D4B0005C2}.Release|Any CPU.ActiveCfg = Release|Any CPU
		{EF958129-26FB-4B57-9B28-021D4B0005C2}.Release|Any CPU.Build.0 = Release|Any CPU
		{EF958129-26FB-4B57-9B28-021D4B0005C2}.Release|ARM.ActiveCfg = Release|ARM
		{EF958129-26FB-4B57-9B28-021D4B0005C2}.Release|ARM.Build.0 = Release|ARM
		{EF958129-26FB-4B57-9B28-021D4B0005C2}.Release|x64.ActiveCfg = Release|x64
		{EF958129-26FB-4B57-9B28-021D4B0005C2}.Release|x64.Build.0 = Release|x64
		{EF958129-26FB-4B57-9B28-021D4B0005C2}.Release|x86.ActiveCfg = Release|x86
		{EF958129-26FB-4B57-9B28-021D4B0005C2}.Release|x86.Build.0 = Release|x86
		{709002B9-916F-481F-981B-6F4F0C2B51DB}.Debug|Any CPU.ActiveCfg = Debug|Any CPU
		{709002B9-916F-481F-981B-6F4F0C2B51DB}.Debug|Any CPU.Build.0 = Debug|Any CPU
		{709002B9-916F-481F-981B-6F4F0C2B51DB}.Debug|ARM.ActiveCfg = Debug|ARM
		{709002B9-916F-481F-981B-6F4F0C2B51DB}.Debug|ARM.Build.0 = Debug|ARM
		{709002B9-916F-481F-981B-6F4F0C2B51DB}.Debug|x64.ActiveCfg = Debug|x64
		{709002B9-916F-481F-981B-6F4F0C2B51DB}.Debug|x64.Build.0 = Debug|x64
		{709002B9-916F-481F-981B-6F4F0C2B51DB}.Debug|x86.ActiveCfg = Debug|x86
		{709002B9-916F-481F-981B-6F4F0C2B51DB}.Debug|x86.Build.0 = Debug|x86
		{709002B9-916F-481F-981B-6F4F0C2B51DB}.Release|Any CPU.ActiveCfg = Release|Any CPU
		{709002B9-916F-481F-981B-6F4F0C2B51DB}.Release|Any CPU.Build.0 = Release|Any CPU
		{709002B9-916F-481F-981B-6F4F0C2B51DB}.Release|ARM.ActiveCfg = Release|ARM
		{709002B9-916F-481F-981B-6F4F0C2B51DB}.Release|ARM.Build.0 = Release|ARM
		{709002B9-916F-481F-981B-6F4F0C2B51DB}.Release|x64.ActiveCfg = Release|x64
		{709002B9-916F-481F-981B-6F4F0C2B51DB}.Release|x64.Build.0 = Release|x64
		{709002B9-916F-481F-981B-6F4F0C2B51DB}.Release|x86.ActiveCfg = Release|x86
		{709002B9-916F-481F-981B-6F4F0C2B51DB}.Release|x86.Build.0 = Release|x86
		{458F5C99-D7E2-481A-BAEF-DB0D694A0F8A}.Debug|Any CPU.ActiveCfg = Debug|Any CPU
		{458F5C99-D7E2-481A-BAEF-DB0D694A0F8A}.Debug|Any CPU.Build.0 = Debug|Any CPU
		{458F5C99-D7E2-481A-BAEF-DB0D694A0F8A}.Debug|ARM.ActiveCfg = Debug|ARM
		{458F5C99-D7E2-481A-BAEF-DB0D694A0F8A}.Debug|ARM.Build.0 = Debug|ARM
		{458F5C99-D7E2-481A-BAEF-DB0D694A0F8A}.Debug|x64.ActiveCfg = Debug|x64
		{458F5C99-D7E2-481A-BAEF-DB0D694A0F8A}.Debug|x64.Build.0 = Debug|x64
		{458F5C99-D7E2-481A-BAEF-DB0D694A0F8A}.Debug|x86.ActiveCfg = Debug|x86
		{458F5C99-D7E2-481A-BAEF-DB0D694A0F8A}.Debug|x86.Build.0 = Debug|x86
		{458F5C99-D7E2-481A-BAEF-DB0D694A0F8A}.Release|Any CPU.ActiveCfg = Release|Any CPU
		{458F5C99-D7E2-481A-BAEF-DB0D694A0F8A}.Release|Any CPU.Build.0 = Release|Any CPU
		{458F5C99-D7E2-481A-BAEF-DB0D694A0F8A}.Release|ARM.ActiveCfg = Release|ARM
		{458F5C99-D7E2-481A-BAEF-DB0D694A0F8A}.Release|ARM.Build.0 = Release|ARM
		{458F5C99-D7E2-481A-BAEF-DB0D694A0F8A}.Release|x64.ActiveCfg = Release|x64
		{458F5C99-D7E2-481A-BAEF-DB0D694A0F8A}.Release|x64.Build.0 = Release|x64
		{458F5C99-D7E2-481A-BAEF-DB0D694A0F8A}.Release|x86.ActiveCfg = Release|x86
		{458F5C99-D7E2-481A-BAEF-DB0D694A0F8A}.Release|x86.Build.0 = Release|x86
		{DDE69CFE-2F1D-46ED-A414-EB48870FF997}.Debug|Any CPU.ActiveCfg = Debug|Any CPU
		{DDE69CFE-2F1D-46ED-A414-EB48870FF997}.Debug|Any CPU.Build.0 = Debug|Any CPU
		{DDE69CFE-2F1D-46ED-A414-EB48870FF997}.Debug|ARM.ActiveCfg = Debug|ARM
		{DDE69CFE-2F1D-46ED-A414-EB48870FF997}.Debug|ARM.Build.0 = Debug|ARM
		{DDE69CFE-2F1D-46ED-A414-EB48870FF997}.Debug|x64.ActiveCfg = Debug|x64
		{DDE69CFE-2F1D-46ED-A414-EB48870FF997}.Debug|x64.Build.0 = Debug|x64
		{DDE69CFE-2F1D-46ED-A414-EB48870FF997}.Debug|x86.ActiveCfg = Debug|x86
		{DDE69CFE-2F1D-46ED-A414-EB48870FF997}.Debug|x86.Build.0 = Debug|x86
		{DDE69CFE-2F1D-46ED-A414-EB48870FF997}.Release|Any CPU.ActiveCfg = Release|Any CPU
		{DDE69CFE-2F1D-46ED-A414-EB48870FF997}.Release|Any CPU.Build.0 = Release|Any CPU
		{DDE69CFE-2F1D-46ED-A414-EB48870FF997}.Release|ARM.ActiveCfg = Release|ARM
		{DDE69CFE-2F1D-46ED-A414-EB48870FF997}.Release|ARM.Build.0 = Release|ARM
		{DDE69CFE-2F1D-46ED-A414-EB48870FF997}.Release|x64.ActiveCfg = Release|x64
		{DDE69CFE-2F1D-46ED-A414-EB48870FF997}.Release|x64.Build.0 = Release|x64
		{DDE69CFE-2F1D-46ED-A414-EB48870FF997}.Release|x86.ActiveCfg = Release|x86
		{DDE69CFE-2F1D-46ED-A414-EB48870FF997}.Release|x86.Build.0 = Release|x86
		{926D5C3D-0424-454E-B78B-B50731744D7B}.Debug|Any CPU.ActiveCfg = Debug|Any CPU
		{926D5C3D-0424-454E-B78B-B50731744D7B}.Debug|Any CPU.Build.0 = Debug|Any CPU
		{926D5C3D-0424-454E-B78B-B50731744D7B}.Debug|ARM.ActiveCfg = Debug|ARM
		{926D5C3D-0424-454E-B78B-B50731744D7B}.Debug|ARM.Build.0 = Debug|ARM
		{926D5C3D-0424-454E-B78B-B50731744D7B}.Debug|x64.ActiveCfg = Debug|x64
		{926D5C3D-0424-454E-B78B-B50731744D7B}.Debug|x64.Build.0 = Debug|x64
		{926D5C3D-0424-454E-B78B-B50731744D7B}.Debug|x86.ActiveCfg = Debug|x86
		{926D5C3D-0424-454E-B78B-B50731744D7B}.Debug|x86.Build.0 = Debug|x86
		{926D5C3D-0424-454E-B78B-B50731744D7B}.Release|Any CPU.ActiveCfg = Release|Any CPU
		{926D5C3D-0424-454E-B78B-B50731744D7B}.Release|Any CPU.Build.0 = Release|Any CPU
		{926D5C3D-0424-454E-B78B-B50731744D7B}.Release|ARM.ActiveCfg = Release|ARM
		{926D5C3D-0424-454E-B78B-B50731744D7B}.Release|ARM.Build.0 = Release|ARM
		{926D5C3D-0424-454E-B78B-B50731744D7B}.Release|x64.ActiveCfg = Release|x64
		{926D5C3D-0424-454E-B78B-B50731744D7B}.Release|x64.Build.0 = Release|x64
		{926D5C3D-0424-454E-B78B-B50731744D7B}.Release|x86.ActiveCfg = Release|x86
		{926D5C3D-0424-454E-B78B-B50731744D7B}.Release|x86.Build.0 = Release|x86
	EndGlobalSection
	GlobalSection(SolutionProperties) = preSolution
		HideSolutionNode = FALSE
	EndGlobalSection
	GlobalSection(ExtensibilityGlobals) = postSolution
		SolutionGuid = {BEF85059-025A-4685-AFD4-7481A9E427B8}
	EndGlobalSection
EndGlobal
