
Microsoft Visual Studio Solution File, Format Version 12.00
# Visual Studio 15
VisualStudioVersion = 15.0.27130.2026
MinimumVisualStudioVersion = 10.0.40219.1
Project("{FAE04EC0-301F-11D3-BF4B-00C04F79EFBC}") = "rMind.Core", "rMindCore\rMind.Core.csproj", "{EF958129-26FB-4B57-9B28-021D4B0005C2}"
EndProject
Project("{FAE04EC0-301F-11D3-BF4B-00C04F79EFBC}") = "rMind.Base", "rMindBase\rMind.Base.csproj", "{709002B9-916F-481F-981B-6F4F0C2B51DB}"
EndProject
Project("{FAE04EC0-301F-11D3-BF4B-00C04F79EFBC}") = "rMind.Theme", "rMindTheme\rMind.Theme.csproj", "{458F5C99-D7E2-481A-BAEF-DB0D694A0F8A}"
EndProject
Project("{FAE04EC0-301F-11D3-BF4B-00C04F79EFBC}") = "rMind.BaseControls", "rMindBaseControls\rMind.BaseControls.csproj", "{DDE69CFE-2F1D-46ED-A414-EB48870FF997}"
EndProject
Project("{FAE04EC0-301F-11D3-BF4B-00C04F79EFBC}") = "rMind.Storage", "rMindStorage\rMind.Storage.csproj", "{926D5C3D-0424-454E-B78B-B50731744D7B}"
EndProject
Project("{FAE04EC0-301F-11D3-BF4B-00C04F79EFBC}") = "rMind.Project", "rMindProject\rMind.Project.csproj", "{EFBDB85E-D783-4435-B2F2-EA00F41C0EF9}"
EndProject
Project("{FAE04EC0-301F-11D3-BF4B-00C04F79EFBC}") = "rMind.Controls", "rMindControls\rMind.Controls.csproj", "{47CA55A3-E638-4407-8764-ED489E187A15}"
EndProject
Project("{2150E333-8FDC-42A3-9474-1A3956D46DE8}") = "Libs", "Libs", "{9757EAB5-E438-4F5D-A97A-E857D5EAE4B1}"
EndProject
Project("{FAE04EC0-301F-11D3-BF4B-00C04F79EFBC}") = "rMind.CodeGenerator", "rMind.CodeGenerator\rMind.CodeGenerator.csproj", "{2EF48971-A065-4D7B-A880-5DBAAEBE19F1}"
EndProject
Project("{FAE04EC0-301F-11D3-BF4B-00C04F79EFBC}") = "rMind.Editor", "rMind.Editor\rMind.Editor.csproj", "{B67B2B74-302F-490D-9788-B72B19EB5604}"
EndProject
Project("{2150E333-8FDC-42A3-9474-1A3956D46DE8}") = "Apps", "Apps", "{A6080AAB-A6C5-466A-B1F0-DB55A5A85BD5}"
EndProject
Project("{FAE04EC0-301F-11D3-BF4B-00C04F79EFBC}") = "MyRoboMind", "MyRoboMind\MyRoboMind.csproj", "{D34424D5-CA28-453B-800C-502018D0AF02}"
EndProject
Project("{FAE04EC0-301F-11D3-BF4B-00C04F79EFBC}") = "rMind.DriverForge", "rMind.DriverForge\rMind.DriverForge.csproj", "{CBFC1543-1D17-4BB9-9726-4E18773BA14B}"
EndProject
Project("{FAE04EC0-301F-11D3-BF4B-00C04F79EFBC}") = "rMind.Driver", "rMind.Driver\rMind.Driver.csproj", "{CBFFEB10-DAD1-4880-AA97-D7886B3CCEEF}"
EndProject
Project("{FAE04EC0-301F-11D3-BF4B-00C04F79EFBC}") = "MyRoboControls", "MyRoboControls\MyRoboControls.csproj", "{31F5CB7E-7585-4431-9BE7-20425408FB43}"
EndProject
Project("{FAE04EC0-301F-11D3-BF4B-00C04F79EFBC}") = "rMindNodes", "rMindNodes\rMindNodes.csproj", "{75AF6FC0-7599-4FDA-BD4A-66B24247170A}"
EndProject
Project("{FAE04EC0-301F-11D3-BF4B-00C04F79EFBC}") = "SmartHome", "SmartHome\SmartHome.csproj", "{EBE6E823-0CE0-4740-81ED-38355E8871DE}"
EndProject
Project("{2150E333-8FDC-42A3-9474-1A3956D46DE8}") = "NodeEngine", "NodeEngine", "{E36F127A-4F10-4572-8CCB-E0F66C601860}"
EndProject
Project("{9A19103F-16F7-4668-BE54-9A1E7A4F7556}") = "rMind.SmartHome", "rMind.SmartHome\rMind.SmartHome.csproj", "{1DBD9E11-B99E-4101-961E-F4D890A7F086}"
EndProject
Project("{2150E333-8FDC-42A3-9474-1A3956D46DE8}") = "SmartHome", "SmartHome", "{6AF7A68D-9CAD-4CFD-9246-07F1FD42CA77}"
EndProject
Project("{FAE04EC0-301F-11D3-BF4B-00C04F79EFBC}") = "rMind.IoT.NodeEngine", "rMind.IoT.NodeEngine\rMind.IoT.NodeEngine.csproj", "{1929C86A-499E-4F90-B5E4-59D9D358BCE7}"
EndProject
Project("{2150E333-8FDC-42A3-9474-1A3956D46DE8}") = "Client", "Client", "{8B187F06-4859-43A5-A30F-CA9C0A6D0964}"
EndProject
Project("{2150E333-8FDC-42A3-9474-1A3956D46DE8}") = "Server", "Server", "{0B892923-493A-49C0-9FDC-E8ACD969726D}"
EndProject
Project("{FAE04EC0-301F-11D3-BF4B-00C04F79EFBC}") = "rMind.Server", "rMind.Server\rMind.Server.csproj", "{0AF226C6-2173-44AE-B5E8-AFB57F421CC8}"
EndProject
Global
	GlobalSection(SolutionConfigurationPlatforms) = preSolution
		Debug|Any CPU = Debug|Any CPU
		Debug|ARM = Debug|ARM
		Debug|x64 = Debug|x64
		Debug|x86 = Debug|x86
		Release|Any CPU = Release|Any CPU
		Release|ARM = Release|ARM
		Release|x64 = Release|x64
		Release|x86 = Release|x86
	EndGlobalSection
	GlobalSection(ProjectConfigurationPlatforms) = postSolution
		{EF958129-26FB-4B57-9B28-021D4B0005C2}.Debug|Any CPU.ActiveCfg = Debug|Any CPU
		{EF958129-26FB-4B57-9B28-021D4B0005C2}.Debug|Any CPU.Build.0 = Debug|Any CPU
		{EF958129-26FB-4B57-9B28-021D4B0005C2}.Debug|ARM.ActiveCfg = Debug|ARM
		{EF958129-26FB-4B57-9B28-021D4B0005C2}.Debug|ARM.Build.0 = Debug|ARM
		{EF958129-26FB-4B57-9B28-021D4B0005C2}.Debug|x64.ActiveCfg = Debug|x64
		{EF958129-26FB-4B57-9B28-021D4B0005C2}.Debug|x64.Build.0 = Debug|x64
		{EF958129-26FB-4B57-9B28-021D4B0005C2}.Debug|x86.ActiveCfg = Debug|x86
		{EF958129-26FB-4B57-9B28-021D4B0005C2}.Debug|x86.Build.0 = Debug|x86
		{EF958129-26FB-4B57-9B28-021D4B0005C2}.Release|Any CPU.ActiveCfg = Release|Any CPU
		{EF958129-26FB-4B57-9B28-021D4B0005C2}.Release|Any CPU.Build.0 = Release|Any CPU
		{EF958129-26FB-4B57-9B28-021D4B0005C2}.Release|ARM.ActiveCfg = Release|ARM
		{EF958129-26FB-4B57-9B28-021D4B0005C2}.Release|ARM.Build.0 = Release|ARM
		{EF958129-26FB-4B57-9B28-021D4B0005C2}.Release|x64.ActiveCfg = Release|x64
		{EF958129-26FB-4B57-9B28-021D4B0005C2}.Release|x64.Build.0 = Release|x64
		{EF958129-26FB-4B57-9B28-021D4B0005C2}.Release|x86.ActiveCfg = Release|x86
		{EF958129-26FB-4B57-9B28-021D4B0005C2}.Release|x86.Build.0 = Release|x86
		{709002B9-916F-481F-981B-6F4F0C2B51DB}.Debug|Any CPU.ActiveCfg = Debug|Any CPU
		{709002B9-916F-481F-981B-6F4F0C2B51DB}.Debug|Any CPU.Build.0 = Debug|Any CPU
		{709002B9-916F-481F-981B-6F4F0C2B51DB}.Debug|ARM.ActiveCfg = Debug|ARM
		{709002B9-916F-481F-981B-6F4F0C2B51DB}.Debug|ARM.Build.0 = Debug|ARM
		{709002B9-916F-481F-981B-6F4F0C2B51DB}.Debug|x64.ActiveCfg = Debug|x64
		{709002B9-916F-481F-981B-6F4F0C2B51DB}.Debug|x64.Build.0 = Debug|x64
		{709002B9-916F-481F-981B-6F4F0C2B51DB}.Debug|x86.ActiveCfg = Debug|x86
		{709002B9-916F-481F-981B-6F4F0C2B51DB}.Debug|x86.Build.0 = Debug|x86
		{709002B9-916F-481F-981B-6F4F0C2B51DB}.Release|Any CPU.ActiveCfg = Release|Any CPU
		{709002B9-916F-481F-981B-6F4F0C2B51DB}.Release|Any CPU.Build.0 = Release|Any CPU
		{709002B9-916F-481F-981B-6F4F0C2B51DB}.Release|ARM.ActiveCfg = Release|ARM
		{709002B9-916F-481F-981B-6F4F0C2B51DB}.Release|ARM.Build.0 = Release|ARM
		{709002B9-916F-481F-981B-6F4F0C2B51DB}.Release|x64.ActiveCfg = Release|x64
		{709002B9-916F-481F-981B-6F4F0C2B51DB}.Release|x64.Build.0 = Release|x64
		{709002B9-916F-481F-981B-6F4F0C2B51DB}.Release|x86.ActiveCfg = Release|x86
		{709002B9-916F-481F-981B-6F4F0C2B51DB}.Release|x86.Build.0 = Release|x86
		{458F5C99-D7E2-481A-BAEF-DB0D694A0F8A}.Debug|Any CPU.ActiveCfg = Debug|Any CPU
		{458F5C99-D7E2-481A-BAEF-DB0D694A0F8A}.Debug|Any CPU.Build.0 = Debug|Any CPU
		{458F5C99-D7E2-481A-BAEF-DB0D694A0F8A}.Debug|ARM.ActiveCfg = Debug|ARM
		{458F5C99-D7E2-481A-BAEF-DB0D694A0F8A}.Debug|ARM.Build.0 = Debug|ARM
		{458F5C99-D7E2-481A-BAEF-DB0D694A0F8A}.Debug|x64.ActiveCfg = Debug|x64
		{458F5C99-D7E2-481A-BAEF-DB0D694A0F8A}.Debug|x64.Build.0 = Debug|x64
		{458F5C99-D7E2-481A-BAEF-DB0D694A0F8A}.Debug|x86.ActiveCfg = Debug|x86
		{458F5C99-D7E2-481A-BAEF-DB0D694A0F8A}.Debug|x86.Build.0 = Debug|x86
		{458F5C99-D7E2-481A-BAEF-DB0D694A0F8A}.Release|Any CPU.ActiveCfg = Release|Any CPU
		{458F5C99-D7E2-481A-BAEF-DB0D694A0F8A}.Release|Any CPU.Build.0 = Release|Any CPU
		{458F5C99-D7E2-481A-BAEF-DB0D694A0F8A}.Release|ARM.ActiveCfg = Release|ARM
		{458F5C99-D7E2-481A-BAEF-DB0D694A0F8A}.Release|ARM.Build.0 = Release|ARM
		{458F5C99-D7E2-481A-BAEF-DB0D694A0F8A}.Release|x64.ActiveCfg = Release|x64
		{458F5C99-D7E2-481A-BAEF-DB0D694A0F8A}.Release|x64.Build.0 = Release|x64
		{458F5C99-D7E2-481A-BAEF-DB0D694A0F8A}.Release|x86.ActiveCfg = Release|x86
		{458F5C99-D7E2-481A-BAEF-DB0D694A0F8A}.Release|x86.Build.0 = Release|x86
		{DDE69CFE-2F1D-46ED-A414-EB48870FF997}.Debug|Any CPU.ActiveCfg = Debug|Any CPU
		{DDE69CFE-2F1D-46ED-A414-EB48870FF997}.Debug|Any CPU.Build.0 = Debug|Any CPU
		{DDE69CFE-2F1D-46ED-A414-EB48870FF997}.Debug|ARM.ActiveCfg = Debug|ARM
		{DDE69CFE-2F1D-46ED-A414-EB48870FF997}.Debug|ARM.Build.0 = Debug|ARM
		{DDE69CFE-2F1D-46ED-A414-EB48870FF997}.Debug|x64.ActiveCfg = Debug|x64
		{DDE69CFE-2F1D-46ED-A414-EB48870FF997}.Debug|x64.Build.0 = Debug|x64
		{DDE69CFE-2F1D-46ED-A414-EB48870FF997}.Debug|x86.ActiveCfg = Debug|x86
		{DDE69CFE-2F1D-46ED-A414-EB48870FF997}.Debug|x86.Build.0 = Debug|x86
		{DDE69CFE-2F1D-46ED-A414-EB48870FF997}.Release|Any CPU.ActiveCfg = Release|Any CPU
		{DDE69CFE-2F1D-46ED-A414-EB48870FF997}.Release|Any CPU.Build.0 = Release|Any CPU
		{DDE69CFE-2F1D-46ED-A414-EB48870FF997}.Release|ARM.ActiveCfg = Release|ARM
		{DDE69CFE-2F1D-46ED-A414-EB48870FF997}.Release|ARM.Build.0 = Release|ARM
		{DDE69CFE-2F1D-46ED-A414-EB48870FF997}.Release|x64.ActiveCfg = Release|x64
		{DDE69CFE-2F1D-46ED-A414-EB48870FF997}.Release|x64.Build.0 = Release|x64
		{DDE69CFE-2F1D-46ED-A414-EB48870FF997}.Release|x86.ActiveCfg = Release|x86
		{DDE69CFE-2F1D-46ED-A414-EB48870FF997}.Release|x86.Build.0 = Release|x86
		{926D5C3D-0424-454E-B78B-B50731744D7B}.Debug|Any CPU.ActiveCfg = Debug|Any CPU
		{926D5C3D-0424-454E-B78B-B50731744D7B}.Debug|Any CPU.Build.0 = Debug|Any CPU
		{926D5C3D-0424-454E-B78B-B50731744D7B}.Debug|ARM.ActiveCfg = Debug|ARM
		{926D5C3D-0424-454E-B78B-B50731744D7B}.Debug|ARM.Build.0 = Debug|ARM
		{926D5C3D-0424-454E-B78B-B50731744D7B}.Debug|x64.ActiveCfg = Debug|x64
		{926D5C3D-0424-454E-B78B-B50731744D7B}.Debug|x64.Build.0 = Debug|x64
		{926D5C3D-0424-454E-B78B-B50731744D7B}.Debug|x86.ActiveCfg = Debug|x86
		{926D5C3D-0424-454E-B78B-B50731744D7B}.Debug|x86.Build.0 = Debug|x86
		{926D5C3D-0424-454E-B78B-B50731744D7B}.Release|Any CPU.ActiveCfg = Release|Any CPU
		{926D5C3D-0424-454E-B78B-B50731744D7B}.Release|Any CPU.Build.0 = Release|Any CPU
		{926D5C3D-0424-454E-B78B-B50731744D7B}.Release|ARM.ActiveCfg = Release|ARM
		{926D5C3D-0424-454E-B78B-B50731744D7B}.Release|ARM.Build.0 = Release|ARM
		{926D5C3D-0424-454E-B78B-B50731744D7B}.Release|x64.ActiveCfg = Release|x64
		{926D5C3D-0424-454E-B78B-B50731744D7B}.Release|x64.Build.0 = Release|x64
		{926D5C3D-0424-454E-B78B-B50731744D7B}.Release|x86.ActiveCfg = Release|x86
		{926D5C3D-0424-454E-B78B-B50731744D7B}.Release|x86.Build.0 = Release|x86
		{EFBDB85E-D783-4435-B2F2-EA00F41C0EF9}.Debug|Any CPU.ActiveCfg = Debug|Any CPU
		{EFBDB85E-D783-4435-B2F2-EA00F41C0EF9}.Debug|Any CPU.Build.0 = Debug|Any CPU
		{EFBDB85E-D783-4435-B2F2-EA00F41C0EF9}.Debug|ARM.ActiveCfg = Debug|ARM
		{EFBDB85E-D783-4435-B2F2-EA00F41C0EF9}.Debug|ARM.Build.0 = Debug|ARM
		{EFBDB85E-D783-4435-B2F2-EA00F41C0EF9}.Debug|x64.ActiveCfg = Debug|x64
		{EFBDB85E-D783-4435-B2F2-EA00F41C0EF9}.Debug|x64.Build.0 = Debug|x64
		{EFBDB85E-D783-4435-B2F2-EA00F41C0EF9}.Debug|x86.ActiveCfg = Debug|x86
		{EFBDB85E-D783-4435-B2F2-EA00F41C0EF9}.Debug|x86.Build.0 = Debug|x86
		{EFBDB85E-D783-4435-B2F2-EA00F41C0EF9}.Release|Any CPU.ActiveCfg = Release|Any CPU
		{EFBDB85E-D783-4435-B2F2-EA00F41C0EF9}.Release|Any CPU.Build.0 = Release|Any CPU
		{EFBDB85E-D783-4435-B2F2-EA00F41C0EF9}.Release|ARM.ActiveCfg = Release|ARM
		{EFBDB85E-D783-4435-B2F2-EA00F41C0EF9}.Release|ARM.Build.0 = Release|ARM
		{EFBDB85E-D783-4435-B2F2-EA00F41C0EF9}.Release|x64.ActiveCfg = Release|x64
		{EFBDB85E-D783-4435-B2F2-EA00F41C0EF9}.Release|x64.Build.0 = Release|x64
		{EFBDB85E-D783-4435-B2F2-EA00F41C0EF9}.Release|x86.ActiveCfg = Release|x86
		{EFBDB85E-D783-4435-B2F2-EA00F41C0EF9}.Release|x86.Build.0 = Release|x86
		{47CA55A3-E638-4407-8764-ED489E187A15}.Debug|Any CPU.ActiveCfg = Debug|Any CPU
		{47CA55A3-E638-4407-8764-ED489E187A15}.Debug|Any CPU.Build.0 = Debug|Any CPU
		{47CA55A3-E638-4407-8764-ED489E187A15}.Debug|ARM.ActiveCfg = Debug|ARM
		{47CA55A3-E638-4407-8764-ED489E187A15}.Debug|ARM.Build.0 = Debug|ARM
		{47CA55A3-E638-4407-8764-ED489E187A15}.Debug|x64.ActiveCfg = Debug|x64
		{47CA55A3-E638-4407-8764-ED489E187A15}.Debug|x64.Build.0 = Debug|x64
		{47CA55A3-E638-4407-8764-ED489E187A15}.Debug|x86.ActiveCfg = Debug|x86
		{47CA55A3-E638-4407-8764-ED489E187A15}.Debug|x86.Build.0 = Debug|x86
		{47CA55A3-E638-4407-8764-ED489E187A15}.Release|Any CPU.ActiveCfg = Release|Any CPU
		{47CA55A3-E638-4407-8764-ED489E187A15}.Release|Any CPU.Build.0 = Release|Any CPU
		{47CA55A3-E638-4407-8764-ED489E187A15}.Release|ARM.ActiveCfg = Release|ARM
		{47CA55A3-E638-4407-8764-ED489E187A15}.Release|ARM.Build.0 = Release|ARM
		{47CA55A3-E638-4407-8764-ED489E187A15}.Release|x64.ActiveCfg = Release|x64
		{47CA55A3-E638-4407-8764-ED489E187A15}.Release|x64.Build.0 = Release|x64
		{47CA55A3-E638-4407-8764-ED489E187A15}.Release|x86.ActiveCfg = Release|x86
		{47CA55A3-E638-4407-8764-ED489E187A15}.Release|x86.Build.0 = Release|x86
		{2EF48971-A065-4D7B-A880-5DBAAEBE19F1}.Debug|Any CPU.ActiveCfg = Debug|Any CPU
		{2EF48971-A065-4D7B-A880-5DBAAEBE19F1}.Debug|Any CPU.Build.0 = Debug|Any CPU
		{2EF48971-A065-4D7B-A880-5DBAAEBE19F1}.Debug|ARM.ActiveCfg = Debug|ARM
		{2EF48971-A065-4D7B-A880-5DBAAEBE19F1}.Debug|ARM.Build.0 = Debug|ARM
		{2EF48971-A065-4D7B-A880-5DBAAEBE19F1}.Debug|x64.ActiveCfg = Debug|x64
		{2EF48971-A065-4D7B-A880-5DBAAEBE19F1}.Debug|x64.Build.0 = Debug|x64
		{2EF48971-A065-4D7B-A880-5DBAAEBE19F1}.Debug|x86.ActiveCfg = Debug|x86
		{2EF48971-A065-4D7B-A880-5DBAAEBE19F1}.Debug|x86.Build.0 = Debug|x86
		{2EF48971-A065-4D7B-A880-5DBAAEBE19F1}.Release|Any CPU.ActiveCfg = Release|Any CPU
		{2EF48971-A065-4D7B-A880-5DBAAEBE19F1}.Release|Any CPU.Build.0 = Release|Any CPU
		{2EF48971-A065-4D7B-A880-5DBAAEBE19F1}.Release|ARM.ActiveCfg = Release|ARM
		{2EF48971-A065-4D7B-A880-5DBAAEBE19F1}.Release|ARM.Build.0 = Release|ARM
		{2EF48971-A065-4D7B-A880-5DBAAEBE19F1}.Release|x64.ActiveCfg = Release|x64
		{2EF48971-A065-4D7B-A880-5DBAAEBE19F1}.Release|x64.Build.0 = Release|x64
		{2EF48971-A065-4D7B-A880-5DBAAEBE19F1}.Release|x86.ActiveCfg = Release|x86
		{2EF48971-A065-4D7B-A880-5DBAAEBE19F1}.Release|x86.Build.0 = Release|x86
		{B67B2B74-302F-490D-9788-B72B19EB5604}.Debug|Any CPU.ActiveCfg = Debug|Any CPU
		{B67B2B74-302F-490D-9788-B72B19EB5604}.Debug|Any CPU.Build.0 = Debug|Any CPU
		{B67B2B74-302F-490D-9788-B72B19EB5604}.Debug|ARM.ActiveCfg = Debug|ARM
		{B67B2B74-302F-490D-9788-B72B19EB5604}.Debug|ARM.Build.0 = Debug|ARM
		{B67B2B74-302F-490D-9788-B72B19EB5604}.Debug|x64.ActiveCfg = Debug|x64
		{B67B2B74-302F-490D-9788-B72B19EB5604}.Debug|x64.Build.0 = Debug|x64
		{B67B2B74-302F-490D-9788-B72B19EB5604}.Debug|x86.ActiveCfg = Debug|x86
		{B67B2B74-302F-490D-9788-B72B19EB5604}.Debug|x86.Build.0 = Debug|x86
		{B67B2B74-302F-490D-9788-B72B19EB5604}.Release|Any CPU.ActiveCfg = Release|Any CPU
		{B67B2B74-302F-490D-9788-B72B19EB5604}.Release|Any CPU.Build.0 = Release|Any CPU
		{B67B2B74-302F-490D-9788-B72B19EB5604}.Release|ARM.ActiveCfg = Release|ARM
		{B67B2B74-302F-490D-9788-B72B19EB5604}.Release|ARM.Build.0 = Release|ARM
		{B67B2B74-302F-490D-9788-B72B19EB5604}.Release|x64.ActiveCfg = Release|x64
		{B67B2B74-302F-490D-9788-B72B19EB5604}.Release|x64.Build.0 = Release|x64
		{B67B2B74-302F-490D-9788-B72B19EB5604}.Release|x86.ActiveCfg = Release|x86
		{B67B2B74-302F-490D-9788-B72B19EB5604}.Release|x86.Build.0 = Release|x86
		{D34424D5-CA28-453B-800C-502018D0AF02}.Debug|Any CPU.ActiveCfg = Debug|x86
		{D34424D5-CA28-453B-800C-502018D0AF02}.Debug|ARM.ActiveCfg = Debug|ARM
		{D34424D5-CA28-453B-800C-502018D0AF02}.Debug|ARM.Build.0 = Debug|ARM
		{D34424D5-CA28-453B-800C-502018D0AF02}.Debug|ARM.Deploy.0 = Debug|ARM
		{D34424D5-CA28-453B-800C-502018D0AF02}.Debug|x64.ActiveCfg = Debug|x64
		{D34424D5-CA28-453B-800C-502018D0AF02}.Debug|x64.Build.0 = Debug|x64
		{D34424D5-CA28-453B-800C-502018D0AF02}.Debug|x64.Deploy.0 = Debug|x64
		{D34424D5-CA28-453B-800C-502018D0AF02}.Debug|x86.ActiveCfg = Debug|x86
		{D34424D5-CA28-453B-800C-502018D0AF02}.Debug|x86.Build.0 = Debug|x86
		{D34424D5-CA28-453B-800C-502018D0AF02}.Debug|x86.Deploy.0 = Debug|x86
		{D34424D5-CA28-453B-800C-502018D0AF02}.Release|Any CPU.ActiveCfg = Release|x86
		{D34424D5-CA28-453B-800C-502018D0AF02}.Release|ARM.ActiveCfg = Release|ARM
		{D34424D5-CA28-453B-800C-502018D0AF02}.Release|ARM.Build.0 = Release|ARM
		{D34424D5-CA28-453B-800C-502018D0AF02}.Release|ARM.Deploy.0 = Release|ARM
		{D34424D5-CA28-453B-800C-502018D0AF02}.Release|x64.ActiveCfg = Release|x64
		{D34424D5-CA28-453B-800C-502018D0AF02}.Release|x64.Build.0 = Release|x64
		{D34424D5-CA28-453B-800C-502018D0AF02}.Release|x64.Deploy.0 = Release|x64
		{D34424D5-CA28-453B-800C-502018D0AF02}.Release|x86.ActiveCfg = Release|x86
		{D34424D5-CA28-453B-800C-502018D0AF02}.Release|x86.Build.0 = Release|x86
		{D34424D5-CA28-453B-800C-502018D0AF02}.Release|x86.Deploy.0 = Release|x86
		{CBFC1543-1D17-4BB9-9726-4E18773BA14B}.Debug|Any CPU.ActiveCfg = Debug|Any CPU
		{CBFC1543-1D17-4BB9-9726-4E18773BA14B}.Debug|Any CPU.Build.0 = Debug|Any CPU
		{CBFC1543-1D17-4BB9-9726-4E18773BA14B}.Debug|ARM.ActiveCfg = Debug|ARM
		{CBFC1543-1D17-4BB9-9726-4E18773BA14B}.Debug|ARM.Build.0 = Debug|ARM
		{CBFC1543-1D17-4BB9-9726-4E18773BA14B}.Debug|x64.ActiveCfg = Debug|x64
		{CBFC1543-1D17-4BB9-9726-4E18773BA14B}.Debug|x64.Build.0 = Debug|x64
		{CBFC1543-1D17-4BB9-9726-4E18773BA14B}.Debug|x86.ActiveCfg = Debug|x86
		{CBFC1543-1D17-4BB9-9726-4E18773BA14B}.Debug|x86.Build.0 = Debug|x86
		{CBFC1543-1D17-4BB9-9726-4E18773BA14B}.Release|Any CPU.ActiveCfg = Release|Any CPU
		{CBFC1543-1D17-4BB9-9726-4E18773BA14B}.Release|Any CPU.Build.0 = Release|Any CPU
		{CBFC1543-1D17-4BB9-9726-4E18773BA14B}.Release|ARM.ActiveCfg = Release|ARM
		{CBFC1543-1D17-4BB9-9726-4E18773BA14B}.Release|ARM.Build.0 = Release|ARM
		{CBFC1543-1D17-4BB9-9726-4E18773BA14B}.Release|x64.ActiveCfg = Release|x64
		{CBFC1543-1D17-4BB9-9726-4E18773BA14B}.Release|x64.Build.0 = Release|x64
		{CBFC1543-1D17-4BB9-9726-4E18773BA14B}.Release|x86.ActiveCfg = Release|x86
		{CBFC1543-1D17-4BB9-9726-4E18773BA14B}.Release|x86.Build.0 = Release|x86
		{CBFFEB10-DAD1-4880-AA97-D7886B3CCEEF}.Debug|Any CPU.ActiveCfg = Debug|Any CPU
		{CBFFEB10-DAD1-4880-AA97-D7886B3CCEEF}.Debug|Any CPU.Build.0 = Debug|Any CPU
		{CBFFEB10-DAD1-4880-AA97-D7886B3CCEEF}.Debug|ARM.ActiveCfg = Debug|ARM
		{CBFFEB10-DAD1-4880-AA97-D7886B3CCEEF}.Debug|ARM.Build.0 = Debug|ARM
		{CBFFEB10-DAD1-4880-AA97-D7886B3CCEEF}.Debug|x64.ActiveCfg = Debug|x64
		{CBFFEB10-DAD1-4880-AA97-D7886B3CCEEF}.Debug|x64.Build.0 = Debug|x64
		{CBFFEB10-DAD1-4880-AA97-D7886B3CCEEF}.Debug|x86.ActiveCfg = Debug|x86
		{CBFFEB10-DAD1-4880-AA97-D7886B3CCEEF}.Debug|x86.Build.0 = Debug|x86
		{CBFFEB10-DAD1-4880-AA97-D7886B3CCEEF}.Release|Any CPU.ActiveCfg = Release|Any CPU
		{CBFFEB10-DAD1-4880-AA97-D7886B3CCEEF}.Release|Any CPU.Build.0 = Release|Any CPU
		{CBFFEB10-DAD1-4880-AA97-D7886B3CCEEF}.Release|ARM.ActiveCfg = Release|ARM
		{CBFFEB10-DAD1-4880-AA97-D7886B3CCEEF}.Release|ARM.Build.0 = Release|ARM
		{CBFFEB10-DAD1-4880-AA97-D7886B3CCEEF}.Release|x64.ActiveCfg = Release|x64
		{CBFFEB10-DAD1-4880-AA97-D7886B3CCEEF}.Release|x64.Build.0 = Release|x64
		{CBFFEB10-DAD1-4880-AA97-D7886B3CCEEF}.Release|x86.ActiveCfg = Release|x86
		{CBFFEB10-DAD1-4880-AA97-D7886B3CCEEF}.Release|x86.Build.0 = Release|x86
		{31F5CB7E-7585-4431-9BE7-20425408FB43}.Debug|Any CPU.ActiveCfg = Debug|x86
		{31F5CB7E-7585-4431-9BE7-20425408FB43}.Debug|ARM.ActiveCfg = Debug|ARM
		{31F5CB7E-7585-4431-9BE7-20425408FB43}.Debug|ARM.Build.0 = Debug|ARM
		{31F5CB7E-7585-4431-9BE7-20425408FB43}.Debug|ARM.Deploy.0 = Debug|ARM
		{31F5CB7E-7585-4431-9BE7-20425408FB43}.Debug|x64.ActiveCfg = Debug|x64
		{31F5CB7E-7585-4431-9BE7-20425408FB43}.Debug|x64.Build.0 = Debug|x64
		{31F5CB7E-7585-4431-9BE7-20425408FB43}.Debug|x64.Deploy.0 = Debug|x64
		{31F5CB7E-7585-4431-9BE7-20425408FB43}.Debug|x86.ActiveCfg = Debug|x86
		{31F5CB7E-7585-4431-9BE7-20425408FB43}.Debug|x86.Build.0 = Debug|x86
		{31F5CB7E-7585-4431-9BE7-20425408FB43}.Debug|x86.Deploy.0 = Debug|x86
		{31F5CB7E-7585-4431-9BE7-20425408FB43}.Release|Any CPU.ActiveCfg = Release|x86
		{31F5CB7E-7585-4431-9BE7-20425408FB43}.Release|ARM.ActiveCfg = Release|ARM
		{31F5CB7E-7585-4431-9BE7-20425408FB43}.Release|ARM.Build.0 = Release|ARM
		{31F5CB7E-7585-4431-9BE7-20425408FB43}.Release|ARM.Deploy.0 = Release|ARM
		{31F5CB7E-7585-4431-9BE7-20425408FB43}.Release|x64.ActiveCfg = Release|x64
		{31F5CB7E-7585-4431-9BE7-20425408FB43}.Release|x64.Build.0 = Release|x64
		{31F5CB7E-7585-4431-9BE7-20425408FB43}.Release|x64.Deploy.0 = Release|x64
		{31F5CB7E-7585-4431-9BE7-20425408FB43}.Release|x86.ActiveCfg = Release|x86
		{31F5CB7E-7585-4431-9BE7-20425408FB43}.Release|x86.Build.0 = Release|x86
		{31F5CB7E-7585-4431-9BE7-20425408FB43}.Release|x86.Deploy.0 = Release|x86
		{75AF6FC0-7599-4FDA-BD4A-66B24247170A}.Debug|Any CPU.ActiveCfg = Debug|Any CPU
		{75AF6FC0-7599-4FDA-BD4A-66B24247170A}.Debug|Any CPU.Build.0 = Debug|Any CPU
		{75AF6FC0-7599-4FDA-BD4A-66B24247170A}.Debug|ARM.ActiveCfg = Debug|ARM
		{75AF6FC0-7599-4FDA-BD4A-66B24247170A}.Debug|ARM.Build.0 = Debug|ARM
		{75AF6FC0-7599-4FDA-BD4A-66B24247170A}.Debug|x64.ActiveCfg = Debug|x64
		{75AF6FC0-7599-4FDA-BD4A-66B24247170A}.Debug|x64.Build.0 = Debug|x64
		{75AF6FC0-7599-4FDA-BD4A-66B24247170A}.Debug|x86.ActiveCfg = Debug|x86
		{75AF6FC0-7599-4FDA-BD4A-66B24247170A}.Debug|x86.Build.0 = Debug|x86
		{75AF6FC0-7599-4FDA-BD4A-66B24247170A}.Release|Any CPU.ActiveCfg = Release|Any CPU
		{75AF6FC0-7599-4FDA-BD4A-66B24247170A}.Release|Any CPU.Build.0 = Release|Any CPU
		{75AF6FC0-7599-4FDA-BD4A-66B24247170A}.Release|ARM.ActiveCfg = Release|ARM
		{75AF6FC0-7599-4FDA-BD4A-66B24247170A}.Release|ARM.Build.0 = Release|ARM
		{75AF6FC0-7599-4FDA-BD4A-66B24247170A}.Release|x64.ActiveCfg = Release|x64
		{75AF6FC0-7599-4FDA-BD4A-66B24247170A}.Release|x64.Build.0 = Release|x64
		{75AF6FC0-7599-4FDA-BD4A-66B24247170A}.Release|x86.ActiveCfg = Release|x86
		{75AF6FC0-7599-4FDA-BD4A-66B24247170A}.Release|x86.Build.0 = Release|x86
		{EBE6E823-0CE0-4740-81ED-38355E8871DE}.Debug|Any CPU.ActiveCfg = Debug|x86
		{EBE6E823-0CE0-4740-81ED-38355E8871DE}.Debug|ARM.ActiveCfg = Debug|ARM
		{EBE6E823-0CE0-4740-81ED-38355E8871DE}.Debug|ARM.Build.0 = Debug|ARM
		{EBE6E823-0CE0-4740-81ED-38355E8871DE}.Debug|ARM.Deploy.0 = Debug|ARM
		{EBE6E823-0CE0-4740-81ED-38355E8871DE}.Debug|x64.ActiveCfg = Debug|x64
		{EBE6E823-0CE0-4740-81ED-38355E8871DE}.Debug|x64.Build.0 = Debug|x64
		{EBE6E823-0CE0-4740-81ED-38355E8871DE}.Debug|x64.Deploy.0 = Debug|x64
		{EBE6E823-0CE0-4740-81ED-38355E8871DE}.Debug|x86.ActiveCfg = Debug|x86
		{EBE6E823-0CE0-4740-81ED-38355E8871DE}.Debug|x86.Build.0 = Debug|x86
		{EBE6E823-0CE0-4740-81ED-38355E8871DE}.Debug|x86.Deploy.0 = Debug|x86
		{EBE6E823-0CE0-4740-81ED-38355E8871DE}.Release|Any CPU.ActiveCfg = Release|x86
		{EBE6E823-0CE0-4740-81ED-38355E8871DE}.Release|ARM.ActiveCfg = Release|ARM
		{EBE6E823-0CE0-4740-81ED-38355E8871DE}.Release|ARM.Build.0 = Release|ARM
		{EBE6E823-0CE0-4740-81ED-38355E8871DE}.Release|ARM.Deploy.0 = Release|ARM
		{EBE6E823-0CE0-4740-81ED-38355E8871DE}.Release|x64.ActiveCfg = Release|x64
		{EBE6E823-0CE0-4740-81ED-38355E8871DE}.Release|x64.Build.0 = Release|x64
		{EBE6E823-0CE0-4740-81ED-38355E8871DE}.Release|x64.Deploy.0 = Release|x64
		{EBE6E823-0CE0-4740-81ED-38355E8871DE}.Release|x86.ActiveCfg = Release|x86
		{EBE6E823-0CE0-4740-81ED-38355E8871DE}.Release|x86.Build.0 = Release|x86
		{EBE6E823-0CE0-4740-81ED-38355E8871DE}.Release|x86.Deploy.0 = Release|x86
		{1DBD9E11-B99E-4101-961E-F4D890A7F086}.Debug|Any CPU.ActiveCfg = Debug|Any CPU
		{1DBD9E11-B99E-4101-961E-F4D890A7F086}.Debug|Any CPU.Build.0 = Debug|Any CPU
		{1DBD9E11-B99E-4101-961E-F4D890A7F086}.Debug|ARM.ActiveCfg = Debug|Any CPU
		{1DBD9E11-B99E-4101-961E-F4D890A7F086}.Debug|ARM.Build.0 = Debug|Any CPU
		{1DBD9E11-B99E-4101-961E-F4D890A7F086}.Debug|x64.ActiveCfg = Debug|Any CPU
		{1DBD9E11-B99E-4101-961E-F4D890A7F086}.Debug|x64.Build.0 = Debug|Any CPU
		{1DBD9E11-B99E-4101-961E-F4D890A7F086}.Debug|x86.ActiveCfg = Debug|Any CPU
		{1DBD9E11-B99E-4101-961E-F4D890A7F086}.Debug|x86.Build.0 = Debug|Any CPU
		{1DBD9E11-B99E-4101-961E-F4D890A7F086}.Release|Any CPU.ActiveCfg = Release|Any CPU
		{1DBD9E11-B99E-4101-961E-F4D890A7F086}.Release|Any CPU.Build.0 = Release|Any CPU
		{1DBD9E11-B99E-4101-961E-F4D890A7F086}.Release|ARM.ActiveCfg = Release|Any CPU
		{1DBD9E11-B99E-4101-961E-F4D890A7F086}.Release|ARM.Build.0 = Release|Any CPU
		{1DBD9E11-B99E-4101-961E-F4D890A7F086}.Release|x64.ActiveCfg = Release|Any CPU
		{1DBD9E11-B99E-4101-961E-F4D890A7F086}.Release|x64.Build.0 = Release|Any CPU
		{1DBD9E11-B99E-4101-961E-F4D890A7F086}.Release|x86.ActiveCfg = Release|Any CPU
		{1DBD9E11-B99E-4101-961E-F4D890A7F086}.Release|x86.Build.0 = Release|Any CPU
		{1929C86A-499E-4F90-B5E4-59D9D358BCE7}.Debug|Any CPU.ActiveCfg = Debug|Any CPU
		{1929C86A-499E-4F90-B5E4-59D9D358BCE7}.Debug|Any CPU.Build.0 = Debug|Any CPU
		{1929C86A-499E-4F90-B5E4-59D9D358BCE7}.Debug|ARM.ActiveCfg = Debug|ARM
		{1929C86A-499E-4F90-B5E4-59D9D358BCE7}.Debug|ARM.Build.0 = Debug|ARM
		{1929C86A-499E-4F90-B5E4-59D9D358BCE7}.Debug|x64.ActiveCfg = Debug|x64
		{1929C86A-499E-4F90-B5E4-59D9D358BCE7}.Debug|x64.Build.0 = Debug|x64
		{1929C86A-499E-4F90-B5E4-59D9D358BCE7}.Debug|x86.ActiveCfg = Debug|x86
		{1929C86A-499E-4F90-B5E4-59D9D358BCE7}.Debug|x86.Build.0 = Debug|x86
		{1929C86A-499E-4F90-B5E4-59D9D358BCE7}.Release|Any CPU.ActiveCfg = Release|Any CPU
		{1929C86A-499E-4F90-B5E4-59D9D358BCE7}.Release|Any CPU.Build.0 = Release|Any CPU
		{1929C86A-499E-4F90-B5E4-59D9D358BCE7}.Release|ARM.ActiveCfg = Release|ARM
		{1929C86A-499E-4F90-B5E4-59D9D358BCE7}.Release|ARM.Build.0 = Release|ARM
		{1929C86A-499E-4F90-B5E4-59D9D358BCE7}.Release|x64.ActiveCfg = Release|x64
		{1929C86A-499E-4F90-B5E4-59D9D358BCE7}.Release|x64.Build.0 = Release|x64
		{1929C86A-499E-4F90-B5E4-59D9D358BCE7}.Release|x86.ActiveCfg = Release|x86
		{1929C86A-499E-4F90-B5E4-59D9D358BCE7}.Release|x86.Build.0 = Release|x86
		{0AF226C6-2173-44AE-B5E8-AFB57F421CC8}.Debug|Any CPU.ActiveCfg = Debug|Any CPU
		{0AF226C6-2173-44AE-B5E8-AFB57F421CC8}.Debug|Any CPU.Build.0 = Debug|Any CPU
		{0AF226C6-2173-44AE-B5E8-AFB57F421CC8}.Debug|ARM.ActiveCfg = Debug|Any CPU
		{0AF226C6-2173-44AE-B5E8-AFB57F421CC8}.Debug|ARM.Build.0 = Debug|Any CPU
		{0AF226C6-2173-44AE-B5E8-AFB57F421CC8}.Debug|x64.ActiveCfg = Debug|Any CPU
		{0AF226C6-2173-44AE-B5E8-AFB57F421CC8}.Debug|x64.Build.0 = Debug|Any CPU
		{0AF226C6-2173-44AE-B5E8-AFB57F421CC8}.Debug|x86.ActiveCfg = Debug|Any CPU
		{0AF226C6-2173-44AE-B5E8-AFB57F421CC8}.Debug|x86.Build.0 = Debug|Any CPU
		{0AF226C6-2173-44AE-B5E8-AFB57F421CC8}.Release|Any CPU.ActiveCfg = Release|Any CPU
		{0AF226C6-2173-44AE-B5E8-AFB57F421CC8}.Release|Any CPU.Build.0 = Release|Any CPU
		{0AF226C6-2173-44AE-B5E8-AFB57F421CC8}.Release|ARM.ActiveCfg = Release|Any CPU
		{0AF226C6-2173-44AE-B5E8-AFB57F421CC8}.Release|ARM.Build.0 = Release|Any CPU
		{0AF226C6-2173-44AE-B5E8-AFB57F421CC8}.Release|x64.ActiveCfg = Release|Any CPU
		{0AF226C6-2173-44AE-B5E8-AFB57F421CC8}.Release|x64.Build.0 = Release|Any CPU
		{0AF226C6-2173-44AE-B5E8-AFB57F421CC8}.Release|x86.ActiveCfg = Release|Any CPU
		{0AF226C6-2173-44AE-B5E8-AFB57F421CC8}.Release|x86.Build.0 = Release|Any CPU
	EndGlobalSection
	GlobalSection(SolutionProperties) = preSolution
		HideSolutionNode = FALSE
	EndGlobalSection
	GlobalSection(NestedProjects) = preSolution
		{EF958129-26FB-4B57-9B28-021D4B0005C2} = {E36F127A-4F10-4572-8CCB-E0F66C601860}
		{709002B9-916F-481F-981B-6F4F0C2B51DB} = {E36F127A-4F10-4572-8CCB-E0F66C601860}
		{458F5C99-D7E2-481A-BAEF-DB0D694A0F8A} = {E36F127A-4F10-4572-8CCB-E0F66C601860}
		{DDE69CFE-2F1D-46ED-A414-EB48870FF997} = {E36F127A-4F10-4572-8CCB-E0F66C601860}
		{926D5C3D-0424-454E-B78B-B50731744D7B} = {E36F127A-4F10-4572-8CCB-E0F66C601860}
		{EFBDB85E-D783-4435-B2F2-EA00F41C0EF9} = {9757EAB5-E438-4F5D-A97A-E857D5EAE4B1}
		{47CA55A3-E638-4407-8764-ED489E187A15} = {E36F127A-4F10-4572-8CCB-E0F66C601860}
		{2EF48971-A065-4D7B-A880-5DBAAEBE19F1} = {9757EAB5-E438-4F5D-A97A-E857D5EAE4B1}
		{B67B2B74-302F-490D-9788-B72B19EB5604} = {A6080AAB-A6C5-466A-B1F0-DB55A5A85BD5}
		{D34424D5-CA28-453B-800C-502018D0AF02} = {8B187F06-4859-43A5-A30F-CA9C0A6D0964}
		{CBFC1543-1D17-4BB9-9726-4E18773BA14B} = {A6080AAB-A6C5-466A-B1F0-DB55A5A85BD5}
		{CBFFEB10-DAD1-4880-AA97-D7886B3CCEEF} = {9757EAB5-E438-4F5D-A97A-E857D5EAE4B1}
		{31F5CB7E-7585-4431-9BE7-20425408FB43} = {8B187F06-4859-43A5-A30F-CA9C0A6D0964}
		{75AF6FC0-7599-4FDA-BD4A-66B24247170A} = {8B187F06-4859-43A5-A30F-CA9C0A6D0964}
		{EBE6E823-0CE0-4740-81ED-38355E8871DE} = {8B187F06-4859-43A5-A30F-CA9C0A6D0964}
		{E36F127A-4F10-4572-8CCB-E0F66C601860} = {9757EAB5-E438-4F5D-A97A-E857D5EAE4B1}
		{1DBD9E11-B99E-4101-961E-F4D890A7F086} = {6AF7A68D-9CAD-4CFD-9246-07F1FD42CA77}
		{6AF7A68D-9CAD-4CFD-9246-07F1FD42CA77} = {9757EAB5-E438-4F5D-A97A-E857D5EAE4B1}
		{1929C86A-499E-4F90-B5E4-59D9D358BCE7} = {6AF7A68D-9CAD-4CFD-9246-07F1FD42CA77}
		{8B187F06-4859-43A5-A30F-CA9C0A6D0964} = {A6080AAB-A6C5-466A-B1F0-DB55A5A85BD5}
		{0B892923-493A-49C0-9FDC-E8ACD969726D} = {A6080AAB-A6C5-466A-B1F0-DB55A5A85BD5}
		{0AF226C6-2173-44AE-B5E8-AFB57F421CC8} = {0B892923-493A-49C0-9FDC-E8ACD969726D}
	EndGlobalSection
	GlobalSection(ExtensibilityGlobals) = postSolution
		SolutionGuid = {BEF85059-025A-4685-AFD4-7481A9E427B8}
	EndGlobalSection
EndGlobal
